// !$*UTF8*$!
{
	archiveVersion = 1;
	classes = {
	};
	objectVersion = 50;
	objects = {

/* Begin PBXBuildFile section */
		32D11E6124BD4FBE00982F27 /* AppDelegate.swift in Sources */ = {isa = PBXBuildFile; fileRef = 32D11E6024BD4FBE00982F27 /* AppDelegate.swift */; };
		32D11E6324BD4FBE00982F27 /* SceneDelegate.swift in Sources */ = {isa = PBXBuildFile; fileRef = 32D11E6224BD4FBE00982F27 /* SceneDelegate.swift */; };
		32D11E6524BD4FBE00982F27 /* ViewController.swift in Sources */ = {isa = PBXBuildFile; fileRef = 32D11E6424BD4FBE00982F27 /* ViewController.swift */; };
		32D11E6824BD4FBE00982F27 /* Main.storyboard in Resources */ = {isa = PBXBuildFile; fileRef = 32D11E6624BD4FBE00982F27 /* Main.storyboard */; };
		32D11E6A24BD4FC100982F27 /* Assets.xcassets in Resources */ = {isa = PBXBuildFile; fileRef = 32D11E6924BD4FC100982F27 /* Assets.xcassets */; };
		32D11E6D24BD4FC100982F27 /* LaunchScreen.storyboard in Resources */ = {isa = PBXBuildFile; fileRef = 32D11E6B24BD4FC100982F27 /* LaunchScreen.storyboard */; };
		32D11E7824BD4FC100982F27 /* DoModulemapTests.swift in Sources */ = {isa = PBXBuildFile; fileRef = 32D11E7724BD4FC100982F27 /* DoModulemapTests.swift */; };
		32D11E8524BD506800982F27 /* MMDelegateService.m in Sources */ = {isa = PBXBuildFile; fileRef = 32D11E8424BD506800982F27 /* MMDelegateService.m */; };
		32D11E8D24BD578B00982F27 /* MMConversation.m in Sources */ = {isa = PBXBuildFile; fileRef = 32D11E8C24BD578B00982F27 /* MMConversation.m */; };
		32D11E9624BD5C2C00982F27 /* XXXElevator.m in Sources */ = {isa = PBXBuildFile; fileRef = 32D11E9524BD5C2C00982F27 /* XXXElevator.m */; };
		32D11E9924BD5F7700982F27 /* UIColor+Common.m in Sources */ = {isa = PBXBuildFile; fileRef = 32D11E9724BD5F7600982F27 /* UIColor+Common.m */; };
/* End PBXBuildFile section */

/* Begin PBXContainerItemProxy section */
		32D11E7424BD4FC100982F27 /* PBXContainerItemProxy */ = {
			isa = PBXContainerItemProxy;
			containerPortal = 32D11E5524BD4FBE00982F27 /* Project object */;
			proxyType = 1;
			remoteGlobalIDString = 32D11E5C24BD4FBE00982F27;
			remoteInfo = DoModulemap;
		};
/* End PBXContainerItemProxy section */

/* Begin PBXFileReference section */
		32D11E5D24BD4FBE00982F27 /* DoModulemap.app */ = {isa = PBXFileReference; explicitFileType = wrapper.application; includeInIndex = 0; path = DoModulemap.app; sourceTree = BUILT_PRODUCTS_DIR; };
		32D11E6024BD4FBE00982F27 /* AppDelegate.swift */ = {isa = PBXFileReference; lastKnownFileType = sourcecode.swift; path = AppDelegate.swift; sourceTree = "<group>"; };
		32D11E6224BD4FBE00982F27 /* SceneDelegate.swift */ = {isa = PBXFileReference; lastKnownFileType = sourcecode.swift; path = SceneDelegate.swift; sourceTree = "<group>"; };
		32D11E6424BD4FBE00982F27 /* ViewController.swift */ = {isa = PBXFileReference; lastKnownFileType = sourcecode.swift; path = ViewController.swift; sourceTree = "<group>"; };
		32D11E6724BD4FBE00982F27 /* Base */ = {isa = PBXFileReference; lastKnownFileType = file.storyboard; name = Base; path = Base.lproj/Main.storyboard; sourceTree = "<group>"; };
		32D11E6924BD4FC100982F27 /* Assets.xcassets */ = {isa = PBXFileReference; lastKnownFileType = folder.assetcatalog; path = Assets.xcassets; sourceTree = "<group>"; };
		32D11E6C24BD4FC100982F27 /* Base */ = {isa = PBXFileReference; lastKnownFileType = file.storyboard; name = Base; path = Base.lproj/LaunchScreen.storyboard; sourceTree = "<group>"; };
		32D11E6E24BD4FC100982F27 /* Info.plist */ = {isa = PBXFileReference; lastKnownFileType = text.plist.xml; path = Info.plist; sourceTree = "<group>"; };
		32D11E7324BD4FC100982F27 /* DoModulemapTests.xctest */ = {isa = PBXFileReference; explicitFileType = wrapper.cfbundle; includeInIndex = 0; path = DoModulemapTests.xctest; sourceTree = BUILT_PRODUCTS_DIR; };
		32D11E7724BD4FC100982F27 /* DoModulemapTests.swift */ = {isa = PBXFileReference; lastKnownFileType = sourcecode.swift; path = DoModulemapTests.swift; sourceTree = "<group>"; };
		32D11E7924BD4FC100982F27 /* Info.plist */ = {isa = PBXFileReference; lastKnownFileType = text.plist.xml; path = Info.plist; sourceTree = "<group>"; };
		32D11E8324BD506800982F27 /* MMDelegateService.h */ = {isa = PBXFileReference; fileEncoding = 4; lastKnownFileType = sourcecode.c.h; path = MMDelegateService.h; sourceTree = "<group>"; };
		32D11E8424BD506800982F27 /* MMDelegateService.m */ = {isa = PBXFileReference; fileEncoding = 4; lastKnownFileType = sourcecode.c.objc; path = MMDelegateService.m; sourceTree = "<group>"; };
		32D11E8724BD50B000982F27 /* module.modulemap */ = {isa = PBXFileReference; lastKnownFileType = "sourcecode.module-map"; path = module.modulemap; sourceTree = "<group>"; };
		32D11E8924BD517F00982F27 /* MMDelegateService-header.h */ = {isa = PBXFileReference; lastKnownFileType = sourcecode.c.h; path = "MMDelegateService-header.h"; sourceTree = "<group>"; };
		32D11E8B24BD578B00982F27 /* MMConversation.h */ = {isa = PBXFileReference; fileEncoding = 4; lastKnownFileType = sourcecode.c.h; path = MMConversation.h; sourceTree = "<group>"; };
		32D11E8C24BD578B00982F27 /* MMConversation.m */ = {isa = PBXFileReference; fileEncoding = 4; lastKnownFileType = sourcecode.c.objc; path = MMConversation.m; sourceTree = "<group>"; };
		32D11E8F24BD57F700982F27 /* MMConversation-header.h */ = {isa = PBXFileReference; lastKnownFileType = sourcecode.c.h; path = "MMConversation-header.h"; sourceTree = "<group>"; };
		32D11E9424BD5C2B00982F27 /* XXXElevator.h */ = {isa = PBXFileReference; fileEncoding = 4; lastKnownFileType = sourcecode.c.h; path = XXXElevator.h; sourceTree = "<group>"; };
		32D11E9524BD5C2C00982F27 /* XXXElevator.m */ = {isa = PBXFileReference; fileEncoding = 4; lastKnownFileType = sourcecode.c.objc; path = XXXElevator.m; sourceTree = "<group>"; };
		32D11E9724BD5F7600982F27 /* UIColor+Common.m */ = {isa = PBXFileReference; fileEncoding = 4; lastKnownFileType = sourcecode.c.objc; path = "UIColor+Common.m"; sourceTree = "<group>"; };
		32D11E9824BD5F7700982F27 /* UIColor+Common.h */ = {isa = PBXFileReference; fileEncoding = 4; lastKnownFileType = sourcecode.c.h; path = "UIColor+Common.h"; sourceTree = "<group>"; };
/* End PBXFileReference section */

/* Begin PBXFrameworksBuildPhase section */
		32D11E5A24BD4FBE00982F27 /* Frameworks */ = {
			isa = PBXFrameworksBuildPhase;
			buildActionMask = 2147483647;
			files = (
			);
			runOnlyForDeploymentPostprocessing = 0;
		};
		32D11E7024BD4FC100982F27 /* Frameworks */ = {
			isa = PBXFrameworksBuildPhase;
			buildActionMask = 2147483647;
			files = (
			);
			runOnlyForDeploymentPostprocessing = 0;
		};
/* End PBXFrameworksBuildPhase section */

/* Begin PBXGroup section */
		32D11E5424BD4FBE00982F27 = {
			isa = PBXGroup;
			children = (
				32D11E5F24BD4FBE00982F27 /* DoModulemap */,
				32D11E7624BD4FC100982F27 /* DoModulemapTests */,
				32D11E5E24BD4FBE00982F27 /* Products */,
			);
			sourceTree = "<group>";
		};
		32D11E5E24BD4FBE00982F27 /* Products */ = {
			isa = PBXGroup;
			children = (
				32D11E5D24BD4FBE00982F27 /* DoModulemap.app */,
				32D11E7324BD4FC100982F27 /* DoModulemapTests.xctest */,
			);
			name = Products;
			sourceTree = "<group>";
		};
		32D11E5F24BD4FBE00982F27 /* DoModulemap */ = {
			isa = PBXGroup;
			children = (
				32D11E6024BD4FBE00982F27 /* AppDelegate.swift */,
				32D11E6224BD4FBE00982F27 /* SceneDelegate.swift */,
				32D11E6424BD4FBE00982F27 /* ViewController.swift */,
				32D11E8224BD502700982F27 /* lib */,
				32D11E6624BD4FBE00982F27 /* Main.storyboard */,
				32D11E6924BD4FC100982F27 /* Assets.xcassets */,
				32D11E6B24BD4FC100982F27 /* LaunchScreen.storyboard */,
				32D11E6E24BD4FC100982F27 /* Info.plist */,
			);
			path = DoModulemap;
			sourceTree = "<group>";
		};
		32D11E7624BD4FC100982F27 /* DoModulemapTests */ = {
			isa = PBXGroup;
			children = (
				32D11E7724BD4FC100982F27 /* DoModulemapTests.swift */,
				32D11E7924BD4FC100982F27 /* Info.plist */,
			);
			path = DoModulemapTests;
			sourceTree = "<group>";
		};
		32D11E8224BD502700982F27 /* lib */ = {
			isa = PBXGroup;
			children = (
				32D11E8624BD507100982F27 /* include */,
				32D11E9A24BD5F8500982F27 /* UIColor+Common */,
				32D11E9324BD5BCD00982F27 /* Elevator */,
				32D11E8E24BD579100982F27 /* Conversation */,
				32D11E8A24BD56F500982F27 /* DelegateService */,
			);
			path = lib;
			sourceTree = "<group>";
		};
		32D11E8624BD507100982F27 /* include */ = {
			isa = PBXGroup;
			children = (
				32D11E8724BD50B000982F27 /* module.modulemap */,
				32D11E8924BD517F00982F27 /* MMDelegateService-header.h */,
				32D11E8F24BD57F700982F27 /* MMConversation-header.h */,
			);
			path = include;
			sourceTree = "<group>";
		};
		32D11E8A24BD56F500982F27 /* DelegateService */ = {
			isa = PBXGroup;
			children = (
				32D11E8324BD506800982F27 /* MMDelegateService.h */,
				32D11E8424BD506800982F27 /* MMDelegateService.m */,
			);
			path = DelegateService;
			sourceTree = "<group>";
		};
		32D11E8E24BD579100982F27 /* Conversation */ = {
			isa = PBXGroup;
			children = (
				32D11E8B24BD578B00982F27 /* MMConversation.h */,
				32D11E8C24BD578B00982F27 /* MMConversation.m */,
			);
			path = Conversation;
			sourceTree = "<group>";
		};
		32D11E9324BD5BCD00982F27 /* Elevator */ = {
			isa = PBXGroup;
			children = (
				32D11E9424BD5C2B00982F27 /* XXXElevator.h */,
				32D11E9524BD5C2C00982F27 /* XXXElevator.m */,
			);
			path = Elevator;
			sourceTree = "<group>";
		};
		32D11E9A24BD5F8500982F27 /* UIColor+Common */ = {
			isa = PBXGroup;
			children = (
				32D11E9824BD5F7700982F27 /* UIColor+Common.h */,
				32D11E9724BD5F7600982F27 /* UIColor+Common.m */,
			);
			path = "UIColor+Common";
			sourceTree = "<group>";
		};
/* End PBXGroup section */

/* Begin PBXNativeTarget section */
		32D11E5C24BD4FBE00982F27 /* DoModulemap */ = {
			isa = PBXNativeTarget;
			buildConfigurationList = 32D11E7C24BD4FC100982F27 /* Build configuration list for PBXNativeTarget "DoModulemap" */;
			buildPhases = (
				32D11E5924BD4FBE00982F27 /* Sources */,
				32D11E5A24BD4FBE00982F27 /* Frameworks */,
				32D11E5B24BD4FBE00982F27 /* Resources */,
			);
			buildRules = (
			);
			dependencies = (
			);
			name = DoModulemap;
			productName = DoModulemap;
			productReference = 32D11E5D24BD4FBE00982F27 /* DoModulemap.app */;
			productType = "com.apple.product-type.application";
		};
		32D11E7224BD4FC100982F27 /* DoModulemapTests */ = {
			isa = PBXNativeTarget;
			buildConfigurationList = 32D11E7F24BD4FC100982F27 /* Build configuration list for PBXNativeTarget "DoModulemapTests" */;
			buildPhases = (
				32D11E6F24BD4FC100982F27 /* Sources */,
				32D11E7024BD4FC100982F27 /* Frameworks */,
				32D11E7124BD4FC100982F27 /* Resources */,
			);
			buildRules = (
			);
			dependencies = (
				32D11E7524BD4FC100982F27 /* PBXTargetDependency */,
			);
			name = DoModulemapTests;
			productName = DoModulemapTests;
			productReference = 32D11E7324BD4FC100982F27 /* DoModulemapTests.xctest */;
			productType = "com.apple.product-type.bundle.unit-test";
		};
/* End PBXNativeTarget section */

/* Begin PBXProject section */
		32D11E5524BD4FBE00982F27 /* Project object */ = {
			isa = PBXProject;
			attributes = {
				LastSwiftUpdateCheck = 1150;
				LastUpgradeCheck = 1150;
				ORGANIZATIONNAME = Rocky;
				TargetAttributes = {
					32D11E5C24BD4FBE00982F27 = {
						CreatedOnToolsVersion = 11.5;
						LastSwiftMigration = 1150;
					};
					32D11E7224BD4FC100982F27 = {
						CreatedOnToolsVersion = 11.5;
						TestTargetID = 32D11E5C24BD4FBE00982F27;
					};
				};
			};
			buildConfigurationList = 32D11E5824BD4FBE00982F27 /* Build configuration list for PBXProject "DoModulemap" */;
			compatibilityVersion = "Xcode 9.3";
			developmentRegion = en;
			hasScannedForEncodings = 0;
			knownRegions = (
				en,
				Base,
			);
			mainGroup = 32D11E5424BD4FBE00982F27;
			productRefGroup = 32D11E5E24BD4FBE00982F27 /* Products */;
			projectDirPath = "";
			projectRoot = "";
			targets = (
				32D11E5C24BD4FBE00982F27 /* DoModulemap */,
				32D11E7224BD4FC100982F27 /* DoModulemapTests */,
			);
		};
/* End PBXProject section */

/* Begin PBXResourcesBuildPhase section */
		32D11E5B24BD4FBE00982F27 /* Resources */ = {
			isa = PBXResourcesBuildPhase;
			buildActionMask = 2147483647;
			files = (
				32D11E6D24BD4FC100982F27 /* LaunchScreen.storyboard in Resources */,
				32D11E6A24BD4FC100982F27 /* Assets.xcassets in Resources */,
				32D11E6824BD4FBE00982F27 /* Main.storyboard in Resources */,
			);
			runOnlyForDeploymentPostprocessing = 0;
		};
		32D11E7124BD4FC100982F27 /* Resources */ = {
			isa = PBXResourcesBuildPhase;
			buildActionMask = 2147483647;
			files = (
			);
			runOnlyForDeploymentPostprocessing = 0;
		};
/* End PBXResourcesBuildPhase section */

/* Begin PBXSourcesBuildPhase section */
		32D11E5924BD4FBE00982F27 /* Sources */ = {
			isa = PBXSourcesBuildPhase;
			buildActionMask = 2147483647;
			files = (
				32D11E9624BD5C2C00982F27 /* XXXElevator.m in Sources */,
				32D11E8524BD506800982F27 /* MMDelegateService.m in Sources */,
				32D11E6524BD4FBE00982F27 /* ViewController.swift in Sources */,
				32D11E8D24BD578B00982F27 /* MMConversation.m in Sources */,
				32D11E6124BD4FBE00982F27 /* AppDelegate.swift in Sources */,
				32D11E6324BD4FBE00982F27 /* SceneDelegate.swift in Sources */,
				32D11E9924BD5F7700982F27 /* UIColor+Common.m in Sources */,
			);
			runOnlyForDeploymentPostprocessing = 0;
		};
		32D11E6F24BD4FC100982F27 /* Sources */ = {
			isa = PBXSourcesBuildPhase;
			buildActionMask = 2147483647;
			files = (
				32D11E7824BD4FC100982F27 /* DoModulemapTests.swift in Sources */,
			);
			runOnlyForDeploymentPostprocessing = 0;
		};
/* End PBXSourcesBuildPhase section */

/* Begin PBXTargetDependency section */
		32D11E7524BD4FC100982F27 /* PBXTargetDependency */ = {
			isa = PBXTargetDependency;
			target = 32D11E5C24BD4FBE00982F27 /* DoModulemap */;
			targetProxy = 32D11E7424BD4FC100982F27 /* PBXContainerItemProxy */;
		};
/* End PBXTargetDependency section */

/* Begin PBXVariantGroup section */
		32D11E6624BD4FBE00982F27 /* Main.storyboard */ = {
			isa = PBXVariantGroup;
			children = (
				32D11E6724BD4FBE00982F27 /* Base */,
			);
			name = Main.storyboard;
			sourceTree = "<group>";
		};
		32D11E6B24BD4FC100982F27 /* LaunchScreen.storyboard */ = {
			isa = PBXVariantGroup;
			children = (
				32D11E6C24BD4FC100982F27 /* Base */,
			);
			name = LaunchScreen.storyboard;
			sourceTree = "<group>";
		};
/* End PBXVariantGroup section */

/* Begin XCBuildConfiguration section */
		32D11E7A24BD4FC100982F27 /* Debug */ = {
			isa = XCBuildConfiguration;
			buildSettings = {
				ALWAYS_SEARCH_USER_PATHS = NO;
				CLANG_ANALYZER_NONNULL = YES;
				CLANG_ANALYZER_NUMBER_OBJECT_CONVERSION = YES_AGGRESSIVE;
				CLANG_CXX_LANGUAGE_STANDARD = "gnu++14";
				CLANG_CXX_LIBRARY = "libc++";
				CLANG_ENABLE_MODULES = YES;
				CLANG_ENABLE_OBJC_ARC = YES;
				CLANG_ENABLE_OBJC_WEAK = YES;
				CLANG_WARN_BLOCK_CAPTURE_AUTORELEASING = YES;
				CLANG_WARN_BOOL_CONVERSION = YES;
				CLANG_WARN_COMMA = YES;
				CLANG_WARN_CONSTANT_CONVERSION = YES;
				CLANG_WARN_DEPRECATED_OBJC_IMPLEMENTATIONS = YES;
				CLANG_WARN_DIRECT_OBJC_ISA_USAGE = YES_ERROR;
				CLANG_WARN_DOCUMENTATION_COMMENTS = YES;
				CLANG_WARN_EMPTY_BODY = YES;
				CLANG_WARN_ENUM_CONVERSION = YES;
				CLANG_WARN_INFINITE_RECURSION = YES;
				CLANG_WARN_INT_CONVERSION = YES;
				CLANG_WARN_NON_LITERAL_NULL_CONVERSION = YES;
				CLANG_WARN_OBJC_IMPLICIT_RETAIN_SELF = YES;
				CLANG_WARN_OBJC_LITERAL_CONVERSION = YES;
				CLANG_WARN_OBJC_ROOT_CLASS = YES_ERROR;
				CLANG_WARN_RANGE_LOOP_ANALYSIS = YES;
				CLANG_WARN_STRICT_PROTOTYPES = YES;
				CLANG_WARN_SUSPICIOUS_MOVE = YES;
				CLANG_WARN_UNGUARDED_AVAILABILITY = YES_AGGRESSIVE;
				CLANG_WARN_UNREACHABLE_CODE = YES;
				CLANG_WARN__DUPLICATE_METHOD_MATCH = YES;
				COPY_PHASE_STRIP = NO;
				DEBUG_INFORMATION_FORMAT = dwarf;
				ENABLE_STRICT_OBJC_MSGSEND = YES;
				ENABLE_TESTABILITY = YES;
				GCC_C_LANGUAGE_STANDARD = gnu11;
				GCC_DYNAMIC_NO_PIC = NO;
				GCC_NO_COMMON_BLOCKS = YES;
				GCC_OPTIMIZATION_LEVEL = 0;
				GCC_PREPROCESSOR_DEFINITIONS = (
					"DEBUG=1",
					"$(inherited)",
				);
				GCC_WARN_64_TO_32_BIT_CONVERSION = YES;
				GCC_WARN_ABOUT_RETURN_TYPE = YES_ERROR;
				GCC_WARN_UNDECLARED_SELECTOR = YES;
				GCC_WARN_UNINITIALIZED_AUTOS = YES_AGGRESSIVE;
				GCC_WARN_UNUSED_FUNCTION = YES;
				GCC_WARN_UNUSED_VARIABLE = YES;
				IPHONEOS_DEPLOYMENT_TARGET = 13.5;
				MTL_ENABLE_DEBUG_INFO = INCLUDE_SOURCE;
				MTL_FAST_MATH = YES;
				ONLY_ACTIVE_ARCH = YES;
				SDKROOT = iphoneos;
				SWIFT_ACTIVE_COMPILATION_CONDITIONS = DEBUG;
				SWIFT_OPTIMIZATION_LEVEL = "-Onone";
			};
			name = Debug;
		};
		32D11E7B24BD4FC100982F27 /* Release */ = {
			isa = XCBuildConfiguration;
			buildSettings = {
				ALWAYS_SEARCH_USER_PATHS = NO;
				CLANG_ANALYZER_NONNULL = YES;
				CLANG_ANALYZER_NUMBER_OBJECT_CONVERSION = YES_AGGRESSIVE;
				CLANG_CXX_LANGUAGE_STANDARD = "gnu++14";
				CLANG_CXX_LIBRARY = "libc++";
				CLANG_ENABLE_MODULES = YES;
				CLANG_ENABLE_OBJC_ARC = YES;
				CLANG_ENABLE_OBJC_WEAK = YES;
				CLANG_WARN_BLOCK_CAPTURE_AUTORELEASING = YES;
				CLANG_WARN_BOOL_CONVERSION = YES;
				CLANG_WARN_COMMA = YES;
				CLANG_WARN_CONSTANT_CONVERSION = YES;
				CLANG_WARN_DEPRECATED_OBJC_IMPLEMENTATIONS = YES;
				CLANG_WARN_DIRECT_OBJC_ISA_USAGE = YES_ERROR;
				CLANG_WARN_DOCUMENTATION_COMMENTS = YES;
				CLANG_WARN_EMPTY_BODY = YES;
				CLANG_WARN_ENUM_CONVERSION = YES;
				CLANG_WARN_INFINITE_RECURSION = YES;
				CLANG_WARN_INT_CONVERSION = YES;
				CLANG_WARN_NON_LITERAL_NULL_CONVERSION = YES;
				CLANG_WARN_OBJC_IMPLICIT_RETAIN_SELF = YES;
				CLANG_WARN_OBJC_LITERAL_CONVERSION = YES;
				CLANG_WARN_OBJC_ROOT_CLASS = YES_ERROR;
				CLANG_WARN_RANGE_LOOP_ANALYSIS = YES;
				CLANG_WARN_STRICT_PROTOTYPES = YES;
				CLANG_WARN_SUSPICIOUS_MOVE = YES;
				CLANG_WARN_UNGUARDED_AVAILABILITY = YES_AGGRESSIVE;
				CLANG_WARN_UNREACHABLE_CODE = YES;
				CLANG_WARN__DUPLICATE_METHOD_MATCH = YES;
				COPY_PHASE_STRIP = NO;
				DEBUG_INFORMATION_FORMAT = "dwarf-with-dsym";
				ENABLE_NS_ASSERTIONS = NO;
				ENABLE_STRICT_OBJC_MSGSEND = YES;
				GCC_C_LANGUAGE_STANDARD = gnu11;
				GCC_NO_COMMON_BLOCKS = YES;
				GCC_WARN_64_TO_32_BIT_CONVERSION = YES;
				GCC_WARN_ABOUT_RETURN_TYPE = YES_ERROR;
				GCC_WARN_UNDECLARED_SELECTOR = YES;
				GCC_WARN_UNINITIALIZED_AUTOS = YES_AGGRESSIVE;
				GCC_WARN_UNUSED_FUNCTION = YES;
				GCC_WARN_UNUSED_VARIABLE = YES;
				IPHONEOS_DEPLOYMENT_TARGET = 13.5;
				MTL_ENABLE_DEBUG_INFO = NO;
				MTL_FAST_MATH = YES;
				SDKROOT = iphoneos;
				SWIFT_COMPILATION_MODE = wholemodule;
				SWIFT_OPTIMIZATION_LEVEL = "-O";
				VALIDATE_PRODUCT = YES;
			};
			name = Release;
		};
		32D11E7D24BD4FC100982F27 /* Debug */ = {
			isa = XCBuildConfiguration;
			buildSettings = {
				ASSETCATALOG_COMPILER_APPICON_NAME = AppIcon;
				CLANG_ENABLE_MODULES = YES;
				CODE_SIGN_STYLE = Automatic;
				DEVELOPMENT_TEAM = PF3BSY7RH3;
				INFOPLIST_FILE = DoModulemap/Info.plist;
				LD_RUNPATH_SEARCH_PATHS = (
					"$(inherited)",
					"@executable_path/Frameworks",
				);
				PRODUCT_BUNDLE_IDENTIFIER = com.banbanlive.DoModulemap;
				PRODUCT_NAME = "$(TARGET_NAME)";
				SWIFT_INCLUDE_PATHS = "$(SRCROOT)/DoModulemap/lib/include";
				SWIFT_OPTIMIZATION_LEVEL = "-Onone";
				SWIFT_VERSION = 5.0;
				TARGETED_DEVICE_FAMILY = "1,2";
			};
			name = Debug;
		};
		32D11E7E24BD4FC100982F27 /* Release */ = {
			isa = XCBuildConfiguration;
			buildSettings = {
				ASSETCATALOG_COMPILER_APPICON_NAME = AppIcon;
				CLANG_ENABLE_MODULES = YES;
				CODE_SIGN_STYLE = Automatic;
				DEVELOPMENT_TEAM = PF3BSY7RH3;
				INFOPLIST_FILE = DoModulemap/Info.plist;
				LD_RUNPATH_SEARCH_PATHS = (
					"$(inherited)",
					"@executable_path/Frameworks",
				);
				PRODUCT_BUNDLE_IDENTIFIER = com.banbanlive.DoModulemap;
				PRODUCT_NAME = "$(TARGET_NAME)";
				SWIFT_INCLUDE_PATHS = "$(SRCROOT)/DoModulemap/lib/include";
				SWIFT_VERSION = 5.0;
				TARGETED_DEVICE_FAMILY = "1,2";
			};
			name = Release;
		};
		32D11E8024BD4FC100982F27 /* Debug */ = {
			isa = XCBuildConfiguration;
			buildSettings = {
				ALWAYS_EMBED_SWIFT_STANDARD_LIBRARIES = YES;
				BUNDLE_LOADER = "$(TEST_HOST)";
				CODE_SIGN_STYLE = Automatic;
				DEVELOPMENT_TEAM = PF3BSY7RH3;
				INFOPLIST_FILE = DoModulemapTests/Info.plist;
				IPHONEOS_DEPLOYMENT_TARGET = 13.5;
				LD_RUNPATH_SEARCH_PATHS = (
					"$(inherited)",
					"@executable_path/Frameworks",
					"@loader_path/Frameworks",
				);
				PRODUCT_BUNDLE_IDENTIFIER = com.banbanlive.DoModulemapTests;
				PRODUCT_NAME = "$(TARGET_NAME)";
				SWIFT_VERSION = 5.0;
				TARGETED_DEVICE_FAMILY = "1,2";
				TEST_HOST = "$(BUILT_PRODUCTS_DIR)/DoModulemap.app/DoModulemap";
			};
			name = Debug;
		};
		32D11E8124BD4FC100982F27 /* Release */ = {
			isa = XCBuildConfiguration;
			buildSettings = {
				ALWAYS_EMBED_SWIFT_STANDARD_LIBRARIES = YES;
				BUNDLE_LOADER = "$(TEST_HOST)";
				CODE_SIGN_STYLE = Automatic;
				DEVELOPMENT_TEAM = PF3BSY7RH3;
				INFOPLIST_FILE = DoModulemapTests/Info.plist;
				IPHONEOS_DEPLOYMENT_TARGET = 13.5;
				LD_RUNPATH_SEARCH_PATHS = (
					"$(inherited)",
					"@executable_path/Frameworks",
					"@loader_path/Frameworks",
				);
				PRODUCT_BUNDLE_IDENTIFIER = com.banbanlive.DoModulemapTests;
				PRODUCT_NAME = "$(TARGET_NAME)";
				SWIFT_VERSION = 5.0;
				TARGETED_DEVICE_FAMILY = "1,2";
				TEST_HOST = "$(BUILT_PRODUCTS_DIR)/DoModulemap.app/DoModulemap";
			};
			name = Release;
		};
/* End XCBuildConfiguration section */

/* Begin XCConfigurationList section */
		32D11E5824BD4FBE00982F27 /* Build configuration list for PBXProject "DoModulemap" */ = {
			isa = XCConfigurationList;
			buildConfigurations = (
				32D11E7A24BD4FC100982F27 /* Debug */,
				32D11E7B24BD4FC100982F27 /* Release */,
			);
			defaultConfigurationIsVisible = 0;
			defaultConfigurationName = Release;
		};
		32D11E7C24BD4FC100982F27 /* Build configuration list for PBXNativeTarget "DoModulemap" */ = {
			isa = XCConfigurationList;
			buildConfigurations = (
				32D11E7D24BD4FC100982F27 /* Debug */,
				32D11E7E24BD4FC100982F27 /* Release */,
			);
			defaultConfigurationIsVisible = 0;
			defaultConfigurationName = Release;
		};
		32D11E7F24BD4FC100982F27 /* Build configuration list for PBXNativeTarget "DoModulemapTests" */ = {
			isa = XCConfigurationList;
			buildConfigurations = (
				32D11E8024BD4FC100982F27 /* Debug */,
				32D11E8124BD4FC100982F27 /* Release */,
			);
			defaultConfigurationIsVisible = 0;
			defaultConfigurationName = Release;
		};
/* End XCConfigurationList section */
	};
	rootObject = 32D11E5524BD4FBE00982F27 /* Project object */;
}
